{
  "name": "grc-claw",
  "version": "0.1.0",
  "lockfileVersion": 3,
  "requires": true,
  "packages": {
    "": {
      "name": "grc-claw",
      "version": "0.1.0",
      "license": "MIT",
      "workspaces": [
        "packages/core",
        "packages/gateway",
        "packages/agent-runtime",
        "packages/evidence",
        "packages/frameworks",
        "packages/a2z-connector",
        "packages/ingest",
        "packages/aims"
      ],
      "devDependencies": {
        "typescript": "^5.7.0"
      },
      "engines": {
        "node": ">=20"
      }
    },
    "node_modules/@grc-claw/a2z-connector": {
      "resolved": "packages/a2z-connector",
      "link": true
    },
    "node_modules/@grc-claw/agent-runtime": {
      "resolved": "packages/agent-runtime",
      "link": true
    },
    "node_modules/@grc-claw/aims": {
      "resolved": "packages/aims",
      "link": true
    },
    "node_modules/@grc-claw/core": {
      "resolved": "packages/core",
      "link": true
    },
    "node_modules/@grc-claw/evidence": {
      "resolved": "packages/evidence",
      "link": true
    },
    "node_modules/@grc-claw/frameworks": {
      "resolved": "packages/frameworks",
      "link": true
    },
    "node_modules/@grc-claw/gateway": {
      "resolved": "packages/gateway",
      "link": true
    },
    "node_modules/@grc-claw/ingest": {
      "resolved": "packages/ingest",
      "link": true
    },
    "node_modules/@types/node": {
      "version": "22.19.19",
      "resolved": "https://registry.npmjs.org/@types/node/-/node-22.19.19.tgz",
      "integrity": "sha512-dyh/xO2Fh5bYrfWaaqGrRQQGkNdmYw6AmaAUvYeUMNTWQtvb796ikLdmTchRmOlOiIJ1TDXfWgVx1QkUlQ6Hew==",
      "dev": true,
      "license": "MIT",
      "dependencies": {
        "undici-types": "~6.21.0"
      }
    },
    "node_modules/@types/ws": {
      "version": "8.18.1",
      "resolved": "https://registry.npmjs.org/@types/ws/-/ws-8.18.1.tgz",
      "integrity": "sha512-ThVF6DCVhA8kUGy+aazFQ4kXQ7E1Ty7A3ypFOe0IcJV8O/M511G99AW24irKrW56Wt44yG9+ij8FaqoBGkuBXg==",
      "dev": true,
      "license": "MIT",
      "dependencies": {
        "@types/node": "*"
      }
    },
    "node_modules/typescript": {
      "version": "5.9.3",
      "resolved": "https://registry.npmjs.org/typescript/-/typescript-5.9.3.tgz",
      "integrity": "sha512-jl1vZzPDinLr9eUt3J/t7V6FgNEw9QjvBPdysz9KfQDD41fQrC2Y4vKQdiaUpFT4bXlb1RHhLpp8wtm6M5TgSw==",
      "dev": true,
      "license": "Apache-2.0",
      "bin": {
        "tsc": "bin/tsc",
        "tsserver": "bin/tsserver"
      },
      "engines": {
        "node": ">=14.17"
      }
    },
    "node_modules/undici-types": {
      "version": "6.21.0",
      "resolved": "https://registry.npmjs.org/undici-types/-/undici-types-6.21.0.tgz",
      "integrity": "sha512-iwDZqg0QAGrg9Rav5H4n0M64c3mkR59cJ6wQp+7C4nI0gsmExaedaYLNO44eT4AtBBwjbTiGPMlt2Md0T9H9JQ==",
      "dev": true,
      "license": "MIT"
    },
    "node_modules/ws": {
      "version": "8.21.0",
      "resolved": "https://registry.npmjs.org/ws/-/ws-8.21.0.tgz",
      "integrity": "sha512-Vsp28b7DRcimFQvrqu2Wek3z1iYxDCWqHYB8Qsnk/S4RfaCQzPGPyBNuVjJV3cd6UiKtUtp6sNM77gWvzcCH+g==",
      "license": "MIT",
      "engines": {
        "node": ">=10.0.0"
      },
      "peerDependencies": {
        "bufferutil": "^4.0.1",
        "utf-8-validate": ">=5.0.2"
      },
      "peerDependenciesMeta": {
        "bufferutil": {
          "optional": true
        },
        "utf-8-validate": {
          "optional": true
        }
      }
    },
    "packages/a2z-connector": {
      "name": "@grc-claw/a2z-connector",
      "version": "0.1.0",
      "license": "MIT",
      "dependencies": {
        "@grc-claw/core": "0.1.0"
      }
    },
    "packages/agent-runtime": {
      "name": "@grc-claw/agent-runtime",
      "version": "0.1.0",
      "license": "MIT",
      "dependencies": {
        "@grc-claw/core": "0.1.0"
      }
    },
    "packages/aims": {
      "name": "@grc-claw/aims",
      "version": "0.1.0",
      "license": "MIT",
      "dependencies": {
        "@grc-claw/core": "0.1.0"
      }
    },
    "packages/core": {
      "name": "@grc-claw/core",
      "version": "0.1.0",
      "license": "MIT"
    },
    "packages/evidence": {
      "name": "@grc-claw/evidence",
      "version": "0.1.0",
      "license": "MIT",
      "dependencies": {
        "@grc-claw/core": "0.1.0"
      }
    },
    "packages/frameworks": {
      "name": "@grc-claw/frameworks",
      "version": "0.1.0",
      "license": "MIT",
      "dependencies": {
        "@grc-claw/core": "0.1.0"
      }
    },
    "packages/gateway": {
      "name": "@grc-claw/gateway",
      "version": "0.1.0",
      "license": "MIT",
      "dependencies": {
        "@grc-claw/a2z-connector": "0.1.0",
        "@grc-claw/agent-runtime": "0.1.0",
        "@grc-claw/aims": "0.1.0",
        "@grc-claw/core": "0.1.0",
        "@grc-claw/evidence": "0.1.0",
        "@grc-claw/frameworks": "0.1.0",
        "@grc-claw/ingest": "0.1.0",
        "ws": "^8.18.0"
      },
      "bin": {
        "grc-claw-gateway": "dist/cli.js"
      },
      "devDependencies": {
        "@types/node": "^22.10.0",
        "@types/ws": "^8.5.13"
      }
    },
    "packages/ingest": {
      "name": "@grc-claw/ingest",
      "version": "0.1.0",
      "license": "MIT",
      "dependencies": {
        "@grc-claw/core": "0.1.0"
      },
      "devDependencies": {
        "@grc-claw/a2z-connector": "0.1.0",
        "@grc-claw/agent-runtime": "0.1.0",
        "@grc-claw/evidence": "0.1.0",
        "@grc-claw/frameworks": "0.1.0"
      }
    }
  }
}
